
Microsoft Visual Studio Solution File, Format Version 12.00
# Visual Studio Version 17
VisualStudioVersion = 17.1.32421.90
MinimumVisualStudioVersion = 10.0.40219.1
Project("{9A19103F-16F7-4668-BE54-9A1E7A4F7556}") = "MultiTenant", "MultiTenant\MultiTenant.csproj", "{9B9BE0A8-EE44-431F-93C8-0112C97FE947}"
EndProject
Project("{9A19103F-16F7-4668-BE54-9A1E7A4F7556}") = "TenantContext", "TenantContext\TenantContext.csproj", "{CBFBC385-BCAE-4343-9653-58B27EADA3BE}"
EndProject
Project("{2150E333-8FDC-42A3-9474-1A3956D46DE8}") = "Solution Items", "Solution Items", "{61642DE4-C243-4B76-8013-DE1E752D966E}"
	ProjectSection(SolutionItems) = preProject
		.editorconfig = .editorconfig
	EndProjectSection
EndProject
Project("{FAE04EC0-301F-11D3-BF4B-00C04F79EFBC}") = "MultiTenant.BusinessLayer", "MultiTenant.BusinessLayer\MultiTenant.BusinessLayer.csproj", "{3AA0EC6F-5C2E-497E-9CDD-0569035B8DF0}"
EndProject
Project("{FAE04EC0-301F-11D3-BF4B-00C04F79EFBC}") = "MultiTenant.Shared", "MultiTenant.Shared\MultiTenant.Shared.csproj", "{E04A33C2-DD8A-4E28-B625-F6F82164AD12}"
EndProject
Project("{00D1A9C2-B5F0-4AF3-8072-F6C62B433612}") = "MultiTenant.Database", "MultiTenant.Database\MultiTenant.Database.sqlproj", "{30E7860A-1055-4C16-82CE-6507BDF2642C}"
EndProject
Project("{FAE04EC0-301F-11D3-BF4B-00C04F79EFBC}") = "MultiTenant.DataAccessLayer", "MultiTenant.DataAccessLayer\MultiTenant.DataAccessLayer.csproj", "{B7A24EFE-4B3A-4EAD-BE68-A6C07A2157EA}"
EndProject
Global
	GlobalSection(SolutionConfigurationPlatforms) = preSolution
		Debug|Any CPU = Debug|Any CPU
		Release|Any CPU = Release|Any CPU
	EndGlobalSection
	GlobalSection(ProjectConfigurationPlatforms) = postSolution
		{9B9BE0A8-EE44-431F-93C8-0112C97FE947}.Debug|Any CPU.ActiveCfg = Debug|Any CPU
		{9B9BE0A8-EE44-431F-93C8-0112C97FE947}.Debug|Any CPU.Build.0 = Debug|Any CPU
		{9B9BE0A8-EE44-431F-93C8-0112C97FE947}.Release|Any CPU.ActiveCfg = Release|Any CPU
		{9B9BE0A8-EE44-431F-93C8-0112C97FE947}.Release|Any CPU.Build.0 = Release|Any CPU
		{CBFBC385-BCAE-4343-9653-58B27EADA3BE}.Debug|Any CPU.ActiveCfg = Debug|Any CPU
		{CBFBC385-BCAE-4343-9653-58B27EADA3BE}.Debug|Any CPU.Build.0 = Debug|Any CPU
		{CBFBC385-BCAE-4343-9653-58B27EADA3BE}.Release|Any CPU.ActiveCfg = Release|Any CPU
		{CBFBC385-BCAE-4343-9653-58B27EADA3BE}.Release|Any CPU.Build.0 = Release|Any CPU
		{3AA0EC6F-5C2E-497E-9CDD-0569035B8DF0}.Debug|Any CPU.ActiveCfg = Debug|Any CPU
		{3AA0EC6F-5C2E-497E-9CDD-0569035B8DF0}.Debug|Any CPU.Build.0 = Debug|Any CPU
		{3AA0EC6F-5C2E-497E-9CDD-0569035B8DF0}.Release|Any CPU.ActiveCfg = Release|Any CPU
		{3AA0EC6F-5C2E-497E-9CDD-0569035B8DF0}.Release|Any CPU.Build.0 = Release|Any CPU
		{E04A33C2-DD8A-4E28-B625-F6F82164AD12}.Debug|Any CPU.ActiveCfg = Debug|Any CPU
		{E04A33C2-DD8A-4E28-B625-F6F82164AD12}.Debug|Any CPU.Build.0 = Debug|Any CPU
		{E04A33C2-DD8A-4E28-B625-F6F82164AD12}.Release|Any CPU.ActiveCfg = Release|Any CPU
		{E04A33C2-DD8A-4E28-B625-F6F82164AD12}.Release|Any CPU.Build.0 = Release|Any CPU
		{30E7860A-1055-4C16-82CE-6507BDF2642C}.Debug|Any CPU.ActiveCfg = Debug|Any CPU
		{30E7860A-1055-4C16-82CE-6507BDF2642C}.Debug|Any CPU.Build.0 = Debug|Any CPU
		{30E7860A-1055-4C16-82CE-6507BDF2642C}.Debug|Any CPU.Deploy.0 = Debug|Any CPU
		{30E7860A-1055-4C16-82CE-6507BDF2642C}.Release|Any CPU.ActiveCfg = Release|Any CPU
		{30E7860A-1055-4C16-82CE-6507BDF2642C}.Release|Any CPU.Build.0 = Release|Any CPU
		{30E7860A-1055-4C16-82CE-6507BDF2642C}.Release|Any CPU.Deploy.0 = Release|Any CPU
		{B7A24EFE-4B3A-4EAD-BE68-A6C07A2157EA}.Debug|Any CPU.ActiveCfg = Debug|Any CPU
		{B7A24EFE-4B3A-4EAD-BE68-A6C07A2157EA}.Debug|Any CPU.Build.0 = Debug|Any CPU
		{B7A24EFE-4B3A-4EAD-BE68-A6C07A2157EA}.Release|Any CPU.ActiveCfg = Release|Any CPU
		{B7A24EFE-4B3A-4EAD-BE68-A6C07A2157EA}.Release|Any CPU.Build.0 = Release|Any CPU
	EndGlobalSection
	GlobalSection(SolutionProperties) = preSolution
		HideSolutionNode = FALSE
	EndGlobalSection
	GlobalSection(ExtensibilityGlobals) = postSolution
		SolutionGuid = {B4FC2D99-ACE7-4887-8C30-A0D02301E3FB}
	EndGlobalSection
EndGlobal
